
Microsoft Visual Studio Solution File, Format Version 12.00
# Visual Studio 15
VisualStudioVersion = 15.0.27004.2005
MinimumVisualStudioVersion = 10.0.40219.1
Project("{FAE04EC0-301F-11D3-BF4B-00C04F79EFBC}") = "UXMultiMediaPlayer", "WpfApp1\WpfApp1\UXMultiMediaPlayer.csproj", "{B70932D7-1352-4B88-934F-B95D51B3B8E4}"
EndProject
Global
	GlobalSection(SolutionConfigurationPlatforms) = preSolution
		Debug|Any CPU = Debug|Any CPU
		Release|Any CPU = Release|Any CPU
	EndGlobalSection
	GlobalSection(ProjectConfigurationPlatforms) = postSolution
		{B70932D7-1352-4B88-934F-B95D51B3B8E4}.Debug|Any CPU.ActiveCfg = Debug|Any CPU
		{B70932D7-1352-4B88-934F-B95D51B3B8E4}.Debug|Any CPU.Build.0 = Debug|Any CPU
		{B70932D7-1352-4B88-934F-B95D51B3B8E4}.Release|Any CPU.ActiveCfg = Release|Any CPU
		{B70932D7-1352-4B88-934F-B95D51B3B8E4}.Release|Any CPU.Build.0 = Release|Any CPU
	EndGlobalSection
	GlobalSection(SolutionProperties) = preSolution
		HideSolutionNode = FALSE
	EndGlobalSection
	GlobalSection(ExtensibilityGlobals) = postSolution
		SolutionGuid = {4481F16A-E34A-4C8B-9883-E1FB26B055C3}
	EndGlobalSection
EndGlobal
